
Microsoft Visual Studio Solution File, Format Version 12.00
# Visual Studio Version 16
VisualStudioVersion = 16.0.30114.105
MinimumVisualStudioVersion = 10.0.40219.1
Project("{FAE04EC0-301F-11D3-BF4B-00C04F79EFBC}") = "LINQ__Deferred_Immediate", "LINQ__Deferred_Immediate\LINQ__Deferred_Immediate.csproj", "{D4881E4E-6330-4042-BC2C-D21B72305839}"
EndProject
Global
	GlobalSection(SolutionConfigurationPlatforms) = preSolution
		Debug|Any CPU = Debug|Any CPU
		Release|Any CPU = Release|Any CPU
	EndGlobalSection
	GlobalSection(ProjectConfigurationPlatforms) = postSolution
		{D4881E4E-6330-4042-BC2C-D21B72305839}.Debug|Any CPU.ActiveCfg = Debug|Any CPU
		{D4881E4E-6330-4042-BC2C-D21B72305839}.Debug|Any CPU.Build.0 = Debug|Any CPU
		{D4881E4E-6330-4042-BC2C-D21B72305839}.Release|Any CPU.ActiveCfg = Release|Any CPU
		{D4881E4E-6330-4042-BC2C-D21B72305839}.Release|Any CPU.Build.0 = Release|Any CPU
	EndGlobalSection
	GlobalSection(SolutionProperties) = preSolution
		HideSolutionNode = FALSE
	EndGlobalSection
	GlobalSection(ExtensibilityGlobals) = postSolution
		SolutionGuid = {DAC15FB1-5049-4891-A139-C12621BC4144}
	EndGlobalSection
EndGlobal
